
Microsoft Visual Studio Solution File, Format Version 12.00
# Visual Studio 15
VisualStudioVersion = 15.0.27130.2010
MinimumVisualStudioVersion = 10.0.40219.1
Project("{FAE04EC0-301F-11D3-BF4B-00C04F79EFBC}") = "BackUp1Final", "BackUp1Final\BackUp1Final.csproj", "{DBE9194D-7180-40EC-A542-36E75EE26CAA}"
EndProject
Global
	GlobalSection(SolutionConfigurationPlatforms) = preSolution
		Debug|Any CPU = Debug|Any CPU
		Release|Any CPU = Release|Any CPU
	EndGlobalSection
	GlobalSection(ProjectConfigurationPlatforms) = postSolution
		{DBE9194D-7180-40EC-A542-36E75EE26CAA}.Debug|Any CPU.ActiveCfg = Debug|Any CPU
		{DBE9194D-7180-40EC-A542-36E75EE26CAA}.Debug|Any CPU.Build.0 = Debug|Any CPU
		{DBE9194D-7180-40EC-A542-36E75EE26CAA}.Release|Any CPU.ActiveCfg = Release|Any CPU
		{DBE9194D-7180-40EC-A542-36E75EE26CAA}.Release|Any CPU.Build.0 = Release|Any CPU
	EndGlobalSection
	GlobalSection(SolutionProperties) = preSolution
		HideSolutionNode = FALSE
	EndGlobalSection
	GlobalSection(ExtensibilityGlobals) = postSolution
		SolutionGuid = {D2499224-F174-4A64-97B3-D6C974CDF073}
	EndGlobalSection
EndGlobal
